
Microsoft Visual Studio Solution File, Format Version 12.00
# Visual Studio Version 16
VisualStudioVersion = 16.0.30406.217
MinimumVisualStudioVersion = 10.0.40219.1
Project("{FAE04EC0-301F-11D3-BF4B-00C04F79EFBC}") = "Blog.UI", "Blog.UI\Blog.UI.csproj", "{5D10A4BF-6FDA-4B80-9048-11421D7F549F}"
EndProject
Global
	GlobalSection(SolutionConfigurationPlatforms) = preSolution
		Debug|Any CPU = Debug|Any CPU
		Release|Any CPU = Release|Any CPU
	EndGlobalSection
	GlobalSection(ProjectConfigurationPlatforms) = postSolution
		{5D10A4BF-6FDA-4B80-9048-11421D7F549F}.Debug|Any CPU.ActiveCfg = Debug|Any CPU
		{5D10A4BF-6FDA-4B80-9048-11421D7F549F}.Debug|Any CPU.Build.0 = Debug|Any CPU
		{5D10A4BF-6FDA-4B80-9048-11421D7F549F}.Release|Any CPU.ActiveCfg = Release|Any CPU
		{5D10A4BF-6FDA-4B80-9048-11421D7F549F}.Release|Any CPU.Build.0 = Release|Any CPU
	EndGlobalSection
	GlobalSection(SolutionProperties) = preSolution
		HideSolutionNode = FALSE
	EndGlobalSection
	GlobalSection(ExtensibilityGlobals) = postSolution
		SolutionGuid = {32C334CD-21F1-40EF-B42C-2C4D0C81DAE4}
	EndGlobalSection
EndGlobal
